
Microsoft Visual Studio Solution File, Format Version 12.00
# Visual Studio 15
VisualStudioVersion = 15.0.26124.0
MinimumVisualStudioVersion = 15.0.26124.0
Project("{2150E333-8FDC-42A3-9474-1A3956D46DE8}") = "src", "src", "{C227BDB3-A15C-46AF-A483-75E299FF435F}"
EndProject
Project("{FAE04EC0-301F-11D3-BF4B-00C04F79EFBC}") = "GradeBook", "src\GradeBook\GradeBook.csproj", "{6A2DF6FF-3C28-413A-A7D6-ECC391C2666C}"
EndProject
Project("{2150E333-8FDC-42A3-9474-1A3956D46DE8}") = "test", "test", "{ED3ED385-40CD-4584-8503-CED6A42595E9}"
EndProject
Project("{FAE04EC0-301F-11D3-BF4B-00C04F79EFBC}") = "GradeBook.Tests", "test\GradeBook.Tests\GradeBook.Tests.csproj", "{D1FC1BBE-9D68-43D9-9B30-ADAF6A50C230}"
EndProject
Global
	GlobalSection(SolutionConfigurationPlatforms) = preSolution
		Debug|Any CPU = Debug|Any CPU
		Debug|x64 = Debug|x64
		Debug|x86 = Debug|x86
		Release|Any CPU = Release|Any CPU
		Release|x64 = Release|x64
		Release|x86 = Release|x86
	EndGlobalSection
	GlobalSection(SolutionProperties) = preSolution
		HideSolutionNode = FALSE
	EndGlobalSection
	GlobalSection(ProjectConfigurationPlatforms) = postSolution
		{6A2DF6FF-3C28-413A-A7D6-ECC391C2666C}.Debug|Any CPU.ActiveCfg = Debug|Any CPU
		{6A2DF6FF-3C28-413A-A7D6-ECC391C2666C}.Debug|Any CPU.Build.0 = Debug|Any CPU
		{6A2DF6FF-3C28-413A-A7D6-ECC391C2666C}.Debug|x64.ActiveCfg = Debug|Any CPU
		{6A2DF6FF-3C28-413A-A7D6-ECC391C2666C}.Debug|x64.Build.0 = Debug|Any CPU
		{6A2DF6FF-3C28-413A-A7D6-ECC391C2666C}.Debug|x86.ActiveCfg = Debug|Any CPU
		{6A2DF6FF-3C28-413A-A7D6-ECC391C2666C}.Debug|x86.Build.0 = Debug|Any CPU
		{6A2DF6FF-3C28-413A-A7D6-ECC391C2666C}.Release|Any CPU.ActiveCfg = Release|Any CPU
		{6A2DF6FF-3C28-413A-A7D6-ECC391C2666C}.Release|Any CPU.Build.0 = Release|Any CPU
		{6A2DF6FF-3C28-413A-A7D6-ECC391C2666C}.Release|x64.ActiveCfg = Release|Any CPU
		{6A2DF6FF-3C28-413A-A7D6-ECC391C2666C}.Release|x64.Build.0 = Release|Any CPU
		{6A2DF6FF-3C28-413A-A7D6-ECC391C2666C}.Release|x86.ActiveCfg = Release|Any CPU
		{6A2DF6FF-3C28-413A-A7D6-ECC391C2666C}.Release|x86.Build.0 = Release|Any CPU
		{D1FC1BBE-9D68-43D9-9B30-ADAF6A50C230}.Debug|Any CPU.ActiveCfg = Debug|Any CPU
		{D1FC1BBE-9D68-43D9-9B30-ADAF6A50C230}.Debug|Any CPU.Build.0 = Debug|Any CPU
		{D1FC1BBE-9D68-43D9-9B30-ADAF6A50C230}.Debug|x64.ActiveCfg = Debug|Any CPU
		{D1FC1BBE-9D68-43D9-9B30-ADAF6A50C230}.Debug|x64.Build.0 = Debug|Any CPU
		{D1FC1BBE-9D68-43D9-9B30-ADAF6A50C230}.Debug|x86.ActiveCfg = Debug|Any CPU
		{D1FC1BBE-9D68-43D9-9B30-ADAF6A50C230}.Debug|x86.Build.0 = Debug|Any CPU
		{D1FC1BBE-9D68-43D9-9B30-ADAF6A50C230}.Release|Any CPU.ActiveCfg = Release|Any CPU
		{D1FC1BBE-9D68-43D9-9B30-ADAF6A50C230}.Release|Any CPU.Build.0 = Release|Any CPU
		{D1FC1BBE-9D68-43D9-9B30-ADAF6A50C230}.Release|x64.ActiveCfg = Release|Any CPU
		{D1FC1BBE-9D68-43D9-9B30-ADAF6A50C230}.Release|x64.Build.0 = Release|Any CPU
		{D1FC1BBE-9D68-43D9-9B30-ADAF6A50C230}.Release|x86.ActiveCfg = Release|Any CPU
		{D1FC1BBE-9D68-43D9-9B30-ADAF6A50C230}.Release|x86.Build.0 = Release|Any CPU
	EndGlobalSection
	GlobalSection(NestedProjects) = preSolution
		{6A2DF6FF-3C28-413A-A7D6-ECC391C2666C} = {C227BDB3-A15C-46AF-A483-75E299FF435F}
		{D1FC1BBE-9D68-43D9-9B30-ADAF6A50C230} = {ED3ED385-40CD-4584-8503-CED6A42595E9}
	EndGlobalSection
EndGlobal
